// !$*UTF8*$!
{
	archiveVersion = 1;
	classes = {
	};
	objectVersion = 46;
	objects = {

/* Begin PBXBuildFile section */
		08178A801ECDE77700BE9810 /* CellView.m in Sources */ = {isa = PBXBuildFile; fileRef = 08178A7E1ECDE77700BE9810 /* CellView.m */; };
		08178A811ECDE77700BE9810 /* CellView.xib in Resources */ = {isa = PBXBuildFile; fileRef = 08178A7F1ECDE77700BE9810 /* CellView.xib */; };
		0832F6B91F0E45EC00AC284E /* CrudProjects.m in Sources */ = {isa = PBXBuildFile; fileRef = 0832F6B81F0E45EC00AC284E /* CrudProjects.m */; };
		0832F6C01F11088500AC284E /* CrudAuth.m in Sources */ = {isa = PBXBuildFile; fileRef = 0832F6BF1F11088500AC284E /* CrudAuth.m */; };
		0861BAB11EF1E1460077D43B /* AddTask.m in Sources */ = {isa = PBXBuildFile; fileRef = 0861BAB01EF1E1460077D43B /* AddTask.m */; };
		0861BABD1EF1EFFA0077D43B /* Project.m in Sources */ = {isa = PBXBuildFile; fileRef = 0861BABC1EF1EFFA0077D43B /* Project.m */; };
		0861BAC71EF2B0E00077D43B /* GetUserById.m in Sources */ = {isa = PBXBuildFile; fileRef = 0861BAC61EF2B0E00077D43B /* GetUserById.m */; };
		08BF7ECD1ED06F470066E3B7 /* PageContentViewController.m in Sources */ = {isa = PBXBuildFile; fileRef = 08BF7ECC1ED06F470066E3B7 /* PageContentViewController.m */; };
		08BF7ED31ED06FE20066E3B7 /* PageViewController.m in Sources */ = {isa = PBXBuildFile; fileRef = 08BF7ED21ED06FE20066E3B7 /* PageViewController.m */; };
		08C2C8591E70852500609F97 /* AddProjectScreenViewController.m in Sources */ = {isa = PBXBuildFile; fileRef = 08C2C8571E70852500609F97 /* AddProjectScreenViewController.m */; };
		08C2C85A1E70852500609F97 /* AddProjectScreenViewController.xib in Resources */ = {isa = PBXBuildFile; fileRef = 08C2C8581E70852500609F97 /* AddProjectScreenViewController.xib */; };
		08C2C85F1E70875F00609F97 /* UserHomeScreenViewController.m in Sources */ = {isa = PBXBuildFile; fileRef = 08C2C85D1E70875F00609F97 /* UserHomeScreenViewController.m */; };
		08C2C8601E70875F00609F97 /* UserHomeScreenViewController.xib in Resources */ = {isa = PBXBuildFile; fileRef = 08C2C85E1E70875F00609F97 /* UserHomeScreenViewController.xib */; };
		08C2C8651E70879000609F97 /* AddTaskScreenViewController.m in Sources */ = {isa = PBXBuildFile; fileRef = 08C2C8631E70879000609F97 /* AddTaskScreenViewController.m */; };
		08C2C8661E70879000609F97 /* AddTaskScreenViewController.xib in Resources */ = {isa = PBXBuildFile; fileRef = 08C2C8641E70879000609F97 /* AddTaskScreenViewController.xib */; };
		08C2C86B1E7087B500609F97 /* ScrumBoardScreenViewController.m in Sources */ = {isa = PBXBuildFile; fileRef = 08C2C8691E7087B500609F97 /* ScrumBoardScreenViewController.m */; };
		08C2C86C1E7087B500609F97 /* ScrumBoardScreenViewController.xib in Resources */ = {isa = PBXBuildFile; fileRef = 08C2C86A1E7087B500609F97 /* ScrumBoardScreenViewController.xib */; };
		08C2C8711E7087E200609F97 /* ProjectSettingsScreenViewController.m in Sources */ = {isa = PBXBuildFile; fileRef = 08C2C86F1E7087E200609F97 /* ProjectSettingsScreenViewController.m */; };
		08C2C8721E7087E200609F97 /* ProjectSettingsScreenViewController.xib in Resources */ = {isa = PBXBuildFile; fileRef = 08C2C8701E7087E200609F97 /* ProjectSettingsScreenViewController.xib */; };
		08C2C8771E70880900609F97 /* AccountSettingsScreenViewController.m in Sources */ = {isa = PBXBuildFile; fileRef = 08C2C8751E70880900609F97 /* AccountSettingsScreenViewController.m */; };
		08C2C8781E70880900609F97 /* AccountSettingsScreenViewController.xib in Resources */ = {isa = PBXBuildFile; fileRef = 08C2C8761E70880900609F97 /* AccountSettingsScreenViewController.xib */; };
		08E23AAA1E708338007534E0 /* main.m in Sources */ = {isa = PBXBuildFile; fileRef = 08E23AA91E708338007534E0 /* main.m */; };
		08E23AAD1E708338007534E0 /* AppDelegate.m in Sources */ = {isa = PBXBuildFile; fileRef = 08E23AAC1E708338007534E0 /* AppDelegate.m */; };
		08E23AB81E708338007534E0 /* LaunchScreen.storyboard in Resources */ = {isa = PBXBuildFile; fileRef = 08E23AB61E708338007534E0 /* LaunchScreen.storyboard */; };
		08E23AC91E708435007534E0 /* HomeScreenViewController.m in Sources */ = {isa = PBXBuildFile; fileRef = 08E23AC71E708435007534E0 /* HomeScreenViewController.m */; };
		08E23ACA1E708435007534E0 /* HomeScreenViewController.xib in Resources */ = {isa = PBXBuildFile; fileRef = 08E23AC81E708435007534E0 /* HomeScreenViewController.xib */; };
		08E23ACE1E708454007534E0 /* LoginScreenViewController.m in Sources */ = {isa = PBXBuildFile; fileRef = 08E23ACC1E708454007534E0 /* LoginScreenViewController.m */; };
		08E23ACF1E708454007534E0 /* LoginScreenViewController.xib in Resources */ = {isa = PBXBuildFile; fileRef = 08E23ACD1E708454007534E0 /* LoginScreenViewController.xib */; };
		08E23AD41E708483007534E0 /* SignUpScreenViewController.m in Sources */ = {isa = PBXBuildFile; fileRef = 08E23AD21E708483007534E0 /* SignUpScreenViewController.m */; };
		08E23AD51E708483007534E0 /* SignUpScreenViewController.xib in Resources */ = {isa = PBXBuildFile; fileRef = 08E23AD31E708483007534E0 /* SignUpScreenViewController.xib */; };
		08E7A5361EC7699400A87DA0 /* Assets.xcassets in Resources */ = {isa = PBXBuildFile; fileRef = 08E7A5351EC7699400A87DA0 /* Assets.xcassets */; };
		08FB03CE1ED9AC6F00D30A19 /* User.m in Sources */ = {isa = PBXBuildFile; fileRef = 08FB03CD1ED9AC6F00D30A19 /* User.m */; };
		BB09D45D1F0E8C6A009D4CC2 /* Task.m in Sources */ = {isa = PBXBuildFile; fileRef = BB09D45C1F0E8C6A009D4CC2 /* Task.m */; };
		BB09D4611F0F8ED1009D4CC2 /* Sprint.m in Sources */ = {isa = PBXBuildFile; fileRef = BB09D4601F0F8ED1009D4CC2 /* Sprint.m */; };
		BB09D4651F0F9246009D4CC2 /* Category.m in Sources */ = {isa = PBXBuildFile; fileRef = BB09D4641F0F9246009D4CC2 /* Category.m */; };
		BB09D4691F0F934E009D4CC2 /* Stat.m in Sources */ = {isa = PBXBuildFile; fileRef = BB09D4681F0F934E009D4CC2 /* Stat.m */; };
		BB19FB221ECF3F2500B5085B /* AddProjectScreenViewController~ipad.xib in Resources */ = {isa = PBXBuildFile; fileRef = BB19FB211ECF3F2500B5085B /* AddProjectScreenViewController~ipad.xib */; };
		BB19FB241ECF452B00B5085B /* LoginScreenViewController~ipad.xib in Resources */ = {isa = PBXBuildFile; fileRef = BB19FB231ECF452B00B5085B /* LoginScreenViewController~ipad.xib */; };
		BB19FB261ECF479E00B5085B /* HomeScreenViewController~ipad.xib in Resources */ = {isa = PBXBuildFile; fileRef = BB19FB251ECF479E00B5085B /* HomeScreenViewController~ipad.xib */; };
		BB19FB281ECFA33200B5085B /* SignUpScreenViewController~ipad.xib in Resources */ = {isa = PBXBuildFile; fileRef = BB19FB271ECFA33200B5085B /* SignUpScreenViewController~ipad.xib */; };
		BB19FB2A1ECFA69E00B5085B /* AddTaskScreenViewController~ipad.xib in Resources */ = {isa = PBXBuildFile; fileRef = BB19FB291ECFA69E00B5085B /* AddTaskScreenViewController~ipad.xib */; };
		BB19FB2C1ECFB13700B5085B /* AccountSettingsScreenViewController~ipad.xib in Resources */ = {isa = PBXBuildFile; fileRef = BB19FB2B1ECFB13700B5085B /* AccountSettingsScreenViewController~ipad.xib */; };
		BB19FB2E1ECFBC5700B5085B /* ProjectSettingsScreenViewController~ipad.xib in Resources */ = {isa = PBXBuildFile; fileRef = BB19FB2D1ECFBC5700B5085B /* ProjectSettingsScreenViewController~ipad.xib */; };
		BB19FB301ECFC30E00B5085B /* UserHomeScreenViewController~ipad.xib in Resources */ = {isa = PBXBuildFile; fileRef = BB19FB2F1ECFC30E00B5085B /* UserHomeScreenViewController~ipad.xib */; };
		BB19FB321ECFC7A900B5085B /* CellView~ipad.xib in Resources */ = {isa = PBXBuildFile; fileRef = BB19FB311ECFC7A900B5085B /* CellView~ipad.xib */; };
		BB4D1E371F0E4636000E9FEE /* CrudUsers.m in Sources */ = {isa = PBXBuildFile; fileRef = BB4D1E361F0E4636000E9FEE /* CrudUsers.m */; };
/* End PBXBuildFile section */

/* Begin PBXFileReference section */
		08178A7D1ECDE77700BE9810 /* CellView.h */ = {isa = PBXFileReference; fileEncoding = 4; lastKnownFileType = sourcecode.c.h; path = CellView.h; sourceTree = "<group>"; };
		08178A7E1ECDE77700BE9810 /* CellView.m */ = {isa = PBXFileReference; fileEncoding = 4; lastKnownFileType = sourcecode.c.objc; path = CellView.m; sourceTree = "<group>"; };
		08178A7F1ECDE77700BE9810 /* CellView.xib */ = {isa = PBXFileReference; fileEncoding = 4; lastKnownFileType = file.xib; path = CellView.xib; sourceTree = "<group>"; };
		0832F6B71F0E45EC00AC284E /* CrudProjects.h */ = {isa = PBXFileReference; fileEncoding = 4; lastKnownFileType = sourcecode.c.h; path = CrudProjects.h; sourceTree = "<group>"; };
		0832F6B81F0E45EC00AC284E /* CrudProjects.m */ = {isa = PBXFileReference; fileEncoding = 4; lastKnownFileType = sourcecode.c.objc; path = CrudProjects.m; sourceTree = "<group>"; };
		0832F6BE1F11088500AC284E /* CrudAuth.h */ = {isa = PBXFileReference; fileEncoding = 4; lastKnownFileType = sourcecode.c.h; path = CrudAuth.h; sourceTree = "<group>"; };
		0832F6BF1F11088500AC284E /* CrudAuth.m */ = {isa = PBXFileReference; fileEncoding = 4; lastKnownFileType = sourcecode.c.objc; path = CrudAuth.m; sourceTree = "<group>"; };
		0861BAAF1EF1E1460077D43B /* AddTask.h */ = {isa = PBXFileReference; fileEncoding = 4; lastKnownFileType = sourcecode.c.h; path = AddTask.h; sourceTree = "<group>"; };
		0861BAB01EF1E1460077D43B /* AddTask.m */ = {isa = PBXFileReference; fileEncoding = 4; lastKnownFileType = sourcecode.c.objc; path = AddTask.m; sourceTree = "<group>"; };
		0861BABB1EF1EFFA0077D43B /* Project.h */ = {isa = PBXFileReference; fileEncoding = 4; lastKnownFileType = sourcecode.c.h; path = Project.h; sourceTree = "<group>"; };
		0861BABC1EF1EFFA0077D43B /* Project.m */ = {isa = PBXFileReference; fileEncoding = 4; lastKnownFileType = sourcecode.c.objc; path = Project.m; sourceTree = "<group>"; };
		0861BAC61EF2B0E00077D43B /* GetUserById.m */ = {isa = PBXFileReference; fileEncoding = 4; lastKnownFileType = sourcecode.c.objc; path = GetUserById.m; sourceTree = "<group>"; };
		086A02B21ED314DD00BC675D /* APIKeys.h */ = {isa = PBXFileReference; lastKnownFileType = sourcecode.c.h; path = APIKeys.h; sourceTree = "<group>"; };
		08BF7ECB1ED06F470066E3B7 /* PageContentViewController.h */ = {isa = PBXFileReference; fileEncoding = 4; lastKnownFileType = sourcecode.c.h; path = PageContentViewController.h; sourceTree = "<group>"; };
		08BF7ECC1ED06F470066E3B7 /* PageContentViewController.m */ = {isa = PBXFileReference; fileEncoding = 4; lastKnownFileType = sourcecode.c.objc; path = PageContentViewController.m; sourceTree = "<group>"; };
		08BF7ED11ED06FE20066E3B7 /* PageViewController.h */ = {isa = PBXFileReference; fileEncoding = 4; lastKnownFileType = sourcecode.c.h; path = PageViewController.h; sourceTree = "<group>"; };
		08BF7ED21ED06FE20066E3B7 /* PageViewController.m */ = {isa = PBXFileReference; fileEncoding = 4; lastKnownFileType = sourcecode.c.objc; path = PageViewController.m; sourceTree = "<group>"; };
		08C2C8561E70852500609F97 /* AddProjectScreenViewController.h */ = {isa = PBXFileReference; fileEncoding = 4; lastKnownFileType = sourcecode.c.h; path = AddProjectScreenViewController.h; sourceTree = "<group>"; };
		08C2C8571E70852500609F97 /* AddProjectScreenViewController.m */ = {isa = PBXFileReference; fileEncoding = 4; lastKnownFileType = sourcecode.c.objc; path = AddProjectScreenViewController.m; sourceTree = "<group>"; };
		08C2C8581E70852500609F97 /* AddProjectScreenViewController.xib */ = {isa = PBXFileReference; fileEncoding = 4; lastKnownFileType = file.xib; path = AddProjectScreenViewController.xib; sourceTree = "<group>"; };
		08C2C85C1E70875F00609F97 /* UserHomeScreenViewController.h */ = {isa = PBXFileReference; fileEncoding = 4; lastKnownFileType = sourcecode.c.h; path = UserHomeScreenViewController.h; sourceTree = "<group>"; };
		08C2C85D1E70875F00609F97 /* UserHomeScreenViewController.m */ = {isa = PBXFileReference; fileEncoding = 4; lastKnownFileType = sourcecode.c.objc; path = UserHomeScreenViewController.m; sourceTree = "<group>"; };
		08C2C85E1E70875F00609F97 /* UserHomeScreenViewController.xib */ = {isa = PBXFileReference; fileEncoding = 4; lastKnownFileType = file.xib; path = UserHomeScreenViewController.xib; sourceTree = "<group>"; };
		08C2C8621E70879000609F97 /* AddTaskScreenViewController.h */ = {isa = PBXFileReference; fileEncoding = 4; lastKnownFileType = sourcecode.c.h; path = AddTaskScreenViewController.h; sourceTree = "<group>"; };
		08C2C8631E70879000609F97 /* AddTaskScreenViewController.m */ = {isa = PBXFileReference; fileEncoding = 4; lastKnownFileType = sourcecode.c.objc; path = AddTaskScreenViewController.m; sourceTree = "<group>"; };
		08C2C8641E70879000609F97 /* AddTaskScreenViewController.xib */ = {isa = PBXFileReference; fileEncoding = 4; lastKnownFileType = file.xib; path = AddTaskScreenViewController.xib; sourceTree = "<group>"; };
		08C2C8681E7087B500609F97 /* ScrumBoardScreenViewController.h */ = {isa = PBXFileReference; fileEncoding = 4; lastKnownFileType = sourcecode.c.h; path = ScrumBoardScreenViewController.h; sourceTree = "<group>"; };
		08C2C8691E7087B500609F97 /* ScrumBoardScreenViewController.m */ = {isa = PBXFileReference; fileEncoding = 4; lastKnownFileType = sourcecode.c.objc; path = ScrumBoardScreenViewController.m; sourceTree = "<group>"; };
		08C2C86A1E7087B500609F97 /* ScrumBoardScreenViewController.xib */ = {isa = PBXFileReference; fileEncoding = 4; lastKnownFileType = file.xib; path = ScrumBoardScreenViewController.xib; sourceTree = "<group>"; };
		08C2C86E1E7087E200609F97 /* ProjectSettingsScreenViewController.h */ = {isa = PBXFileReference; fileEncoding = 4; lastKnownFileType = sourcecode.c.h; path = ProjectSettingsScreenViewController.h; sourceTree = "<group>"; };
		08C2C86F1E7087E200609F97 /* ProjectSettingsScreenViewController.m */ = {isa = PBXFileReference; fileEncoding = 4; lastKnownFileType = sourcecode.c.objc; path = ProjectSettingsScreenViewController.m; sourceTree = "<group>"; };
		08C2C8701E7087E200609F97 /* ProjectSettingsScreenViewController.xib */ = {isa = PBXFileReference; fileEncoding = 4; lastKnownFileType = file.xib; path = ProjectSettingsScreenViewController.xib; sourceTree = "<group>"; };
		08C2C8741E70880900609F97 /* AccountSettingsScreenViewController.h */ = {isa = PBXFileReference; fileEncoding = 4; lastKnownFileType = sourcecode.c.h; path = AccountSettingsScreenViewController.h; sourceTree = "<group>"; };
		08C2C8751E70880900609F97 /* AccountSettingsScreenViewController.m */ = {isa = PBXFileReference; fileEncoding = 4; lastKnownFileType = sourcecode.c.objc; path = AccountSettingsScreenViewController.m; sourceTree = "<group>"; };
		08C2C8761E70880900609F97 /* AccountSettingsScreenViewController.xib */ = {isa = PBXFileReference; fileEncoding = 4; lastKnownFileType = file.xib; path = AccountSettingsScreenViewController.xib; sourceTree = "<group>"; };
		08E23AA51E708338007534E0 /* Scrummary.app */ = {isa = PBXFileReference; explicitFileType = wrapper.application; includeInIndex = 0; path = Scrummary.app; sourceTree = BUILT_PRODUCTS_DIR; };
		08E23AA91E708338007534E0 /* main.m */ = {isa = PBXFileReference; lastKnownFileType = sourcecode.c.objc; path = main.m; sourceTree = "<group>"; };
		08E23AAB1E708338007534E0 /* AppDelegate.h */ = {isa = PBXFileReference; lastKnownFileType = sourcecode.c.h; path = AppDelegate.h; sourceTree = "<group>"; };
		08E23AAC1E708338007534E0 /* AppDelegate.m */ = {isa = PBXFileReference; lastKnownFileType = sourcecode.c.objc; path = AppDelegate.m; sourceTree = "<group>"; };
		08E23AB71E708338007534E0 /* Base */ = {isa = PBXFileReference; lastKnownFileType = file.storyboard; name = Base; path = Base.lproj/LaunchScreen.storyboard; sourceTree = "<group>"; };
		08E23AB91E708338007534E0 /* Info.plist */ = {isa = PBXFileReference; lastKnownFileType = text.plist.xml; path = Info.plist; sourceTree = "<group>"; };
		08E23AC61E708435007534E0 /* HomeScreenViewController.h */ = {isa = PBXFileReference; fileEncoding = 4; lastKnownFileType = sourcecode.c.h; path = HomeScreenViewController.h; sourceTree = "<group>"; };
		08E23AC71E708435007534E0 /* HomeScreenViewController.m */ = {isa = PBXFileReference; fileEncoding = 4; lastKnownFileType = sourcecode.c.objc; path = HomeScreenViewController.m; sourceTree = "<group>"; };
		08E23AC81E708435007534E0 /* HomeScreenViewController.xib */ = {isa = PBXFileReference; fileEncoding = 4; lastKnownFileType = file.xib; path = HomeScreenViewController.xib; sourceTree = "<group>"; };
		08E23ACB1E708454007534E0 /* LoginScreenViewController.h */ = {isa = PBXFileReference; fileEncoding = 4; lastKnownFileType = sourcecode.c.h; path = LoginScreenViewController.h; sourceTree = "<group>"; };
		08E23ACC1E708454007534E0 /* LoginScreenViewController.m */ = {isa = PBXFileReference; fileEncoding = 4; lastKnownFileType = sourcecode.c.objc; path = LoginScreenViewController.m; sourceTree = "<group>"; };
		08E23ACD1E708454007534E0 /* LoginScreenViewController.xib */ = {isa = PBXFileReference; fileEncoding = 4; lastKnownFileType = file.xib; path = LoginScreenViewController.xib; sourceTree = "<group>"; };
		08E23AD11E708483007534E0 /* SignUpScreenViewController.h */ = {isa = PBXFileReference; fileEncoding = 4; lastKnownFileType = sourcecode.c.h; path = SignUpScreenViewController.h; sourceTree = "<group>"; };
		08E23AD21E708483007534E0 /* SignUpScreenViewController.m */ = {isa = PBXFileReference; fileEncoding = 4; lastKnownFileType = sourcecode.c.objc; path = SignUpScreenViewController.m; sourceTree = "<group>"; };
		08E23AD31E708483007534E0 /* SignUpScreenViewController.xib */ = {isa = PBXFileReference; fileEncoding = 4; lastKnownFileType = file.xib; path = SignUpScreenViewController.xib; sourceTree = "<group>"; };
		08E7A5351EC7699400A87DA0 /* Assets.xcassets */ = {isa = PBXFileReference; lastKnownFileType = folder.assetcatalog; path = Assets.xcassets; sourceTree = "<group>"; };
		08FB03CC1ED9AC6F00D30A19 /* User.h */ = {isa = PBXFileReference; fileEncoding = 4; lastKnownFileType = sourcecode.c.h; path = User.h; sourceTree = "<group>"; };
		08FB03CD1ED9AC6F00D30A19 /* User.m */ = {isa = PBXFileReference; fileEncoding = 4; lastKnownFileType = sourcecode.c.objc; path = User.m; sourceTree = "<group>"; };
		BB09D45B1F0E8C6A009D4CC2 /* Task.h */ = {isa = PBXFileReference; fileEncoding = 4; lastKnownFileType = sourcecode.c.h; path = Task.h; sourceTree = "<group>"; };
		BB09D45C1F0E8C6A009D4CC2 /* Task.m */ = {isa = PBXFileReference; fileEncoding = 4; lastKnownFileType = sourcecode.c.objc; path = Task.m; sourceTree = "<group>"; };
		BB09D45F1F0F8ED1009D4CC2 /* Sprint.h */ = {isa = PBXFileReference; fileEncoding = 4; lastKnownFileType = sourcecode.c.h; path = Sprint.h; sourceTree = "<group>"; };
		BB09D4601F0F8ED1009D4CC2 /* Sprint.m */ = {isa = PBXFileReference; fileEncoding = 4; lastKnownFileType = sourcecode.c.objc; path = Sprint.m; sourceTree = "<group>"; };
		BB09D4631F0F9246009D4CC2 /* Category.h */ = {isa = PBXFileReference; fileEncoding = 4; lastKnownFileType = sourcecode.c.h; path = Category.h; sourceTree = "<group>"; };
		BB09D4641F0F9246009D4CC2 /* Category.m */ = {isa = PBXFileReference; fileEncoding = 4; lastKnownFileType = sourcecode.c.objc; path = Category.m; sourceTree = "<group>"; };
		BB09D4671F0F934E009D4CC2 /* Stat.h */ = {isa = PBXFileReference; fileEncoding = 4; lastKnownFileType = sourcecode.c.h; path = Stat.h; sourceTree = "<group>"; };
		BB09D4681F0F934E009D4CC2 /* Stat.m */ = {isa = PBXFileReference; fileEncoding = 4; lastKnownFileType = sourcecode.c.objc; path = Stat.m; sourceTree = "<group>"; };
		BB19FB211ECF3F2500B5085B /* AddProjectScreenViewController~ipad.xib */ = {isa = PBXFileReference; fileEncoding = 4; lastKnownFileType = file.xib; path = "AddProjectScreenViewController~ipad.xib"; sourceTree = "<group>"; };
		BB19FB231ECF452B00B5085B /* LoginScreenViewController~ipad.xib */ = {isa = PBXFileReference; fileEncoding = 4; lastKnownFileType = file.xib; path = "LoginScreenViewController~ipad.xib"; sourceTree = "<group>"; };
		BB19FB251ECF479E00B5085B /* HomeScreenViewController~ipad.xib */ = {isa = PBXFileReference; fileEncoding = 4; lastKnownFileType = file.xib; path = "HomeScreenViewController~ipad.xib"; sourceTree = "<group>"; };
		BB19FB271ECFA33200B5085B /* SignUpScreenViewController~ipad.xib */ = {isa = PBXFileReference; fileEncoding = 4; lastKnownFileType = file.xib; path = "SignUpScreenViewController~ipad.xib"; sourceTree = "<group>"; };
		BB19FB291ECFA69E00B5085B /* AddTaskScreenViewController~ipad.xib */ = {isa = PBXFileReference; fileEncoding = 4; lastKnownFileType = file.xib; path = "AddTaskScreenViewController~ipad.xib"; sourceTree = "<group>"; };
		BB19FB2B1ECFB13700B5085B /* AccountSettingsScreenViewController~ipad.xib */ = {isa = PBXFileReference; fileEncoding = 4; lastKnownFileType = file.xib; path = "AccountSettingsScreenViewController~ipad.xib"; sourceTree = "<group>"; };
		BB19FB2D1ECFBC5700B5085B /* ProjectSettingsScreenViewController~ipad.xib */ = {isa = PBXFileReference; fileEncoding = 4; lastKnownFileType = file.xib; path = "ProjectSettingsScreenViewController~ipad.xib"; sourceTree = "<group>"; };
		BB19FB2F1ECFC30E00B5085B /* UserHomeScreenViewController~ipad.xib */ = {isa = PBXFileReference; fileEncoding = 4; lastKnownFileType = file.xib; path = "UserHomeScreenViewController~ipad.xib"; sourceTree = "<group>"; };
		BB19FB311ECFC7A900B5085B /* CellView~ipad.xib */ = {isa = PBXFileReference; fileEncoding = 4; lastKnownFileType = file.xib; path = "CellView~ipad.xib"; sourceTree = "<group>"; };
		BB4D1E351F0E4636000E9FEE /* CrudUsers.h */ = {isa = PBXFileReference; fileEncoding = 4; lastKnownFileType = sourcecode.c.h; path = CrudUsers.h; sourceTree = "<group>"; };
		BB4D1E361F0E4636000E9FEE /* CrudUsers.m */ = {isa = PBXFileReference; fileEncoding = 4; lastKnownFileType = sourcecode.c.objc; path = CrudUsers.m; sourceTree = "<group>"; };
/* End PBXFileReference section */

/* Begin PBXFrameworksBuildPhase section */
		08E23AA21E708337007534E0 /* Frameworks */ = {
			isa = PBXFrameworksBuildPhase;
			buildActionMask = 2147483647;
			files = (
			);
			runOnlyForDeploymentPostprocessing = 0;
		};
/* End PBXFrameworksBuildPhase section */

/* Begin PBXGroup section */
		08178A731ECDCEAB00BE9810 /* CollectionViewCell */ = {
			isa = PBXGroup;
			children = (
				08178A7D1ECDE77700BE9810 /* CellView.h */,
				08178A7E1ECDE77700BE9810 /* CellView.m */,
				08178A7F1ECDE77700BE9810 /* CellView.xib */,
				BB19FB311ECFC7A900B5085B /* CellView~ipad.xib */,
			);
			name = CollectionViewCell;
			sourceTree = "<group>";
		};
		08178A791ECDD82F00BE9810 /* Data */ = {
			isa = PBXGroup;
			children = (
				BB09D4661F0F933F009D4CC2 /* Stats */,
				BB09D4621F0F922C009D4CC2 /* Categories */,
				BB09D45E1F0F8EA9009D4CC2 /* Sprints */,
				BB09D45A1F0E8C38009D4CC2 /* Tasks */,
				0861BABA1EF1EFE00077D43B /* Projects */,
				08FB03CB1ED9AC4200D30A19 /* Users */,
			);
			name = Data;
			sourceTree = "<group>";
		};
		0832F6BD1F11087200AC284E /* Auth */ = {
			isa = PBXGroup;
			children = (
				0832F6BE1F11088500AC284E /* CrudAuth.h */,
				0832F6BF1F11088500AC284E /* CrudAuth.m */,
			);
			name = Auth;
			sourceTree = "<group>";
		};
		0861BAA71EF0433D0077D43B /* WebServicesMethods */ = {
			isa = PBXGroup;
			children = (
				0832F6BD1F11087200AC284E /* Auth */,
				0861BAAB1EF043650077D43B /* Tasks */,
				0861BAAA1EF043600077D43B /* Sprints */,
				0861BAA91EF0435A0077D43B /* Projects */,
				0861BAA81EF043530077D43B /* Users */,
			);
			name = WebServicesMethods;
			sourceTree = "<group>";
		};
		0861BAA81EF043530077D43B /* Users */ = {
			isa = PBXGroup;
			children = (
				BB4D1E351F0E4636000E9FEE /* CrudUsers.h */,
				BB4D1E361F0E4636000E9FEE /* CrudUsers.m */,
			);
			name = Users;
			sourceTree = "<group>";
		};
		0861BAA91EF0435A0077D43B /* Projects */ = {
			isa = PBXGroup;
			children = (
				0832F6B71F0E45EC00AC284E /* CrudProjects.h */,
				0832F6B81F0E45EC00AC284E /* CrudProjects.m */,
			);
			name = Projects;
			sourceTree = "<group>";
		};
		0861BAAA1EF043600077D43B /* Sprints */ = {
			isa = PBXGroup;
			children = (
			);
			name = Sprints;
			sourceTree = "<group>";
		};
		0861BAAB1EF043650077D43B /* Tasks */ = {
			isa = PBXGroup;
			children = (
				0861BAAF1EF1E1460077D43B /* AddTask.h */,
				0861BAB01EF1E1460077D43B /* AddTask.m */,
			);
			name = Tasks;
			sourceTree = "<group>";
		};
		0861BABA1EF1EFE00077D43B /* Projects */ = {
			isa = PBXGroup;
			children = (
				0861BABB1EF1EFFA0077D43B /* Project.h */,
				0861BABC1EF1EFFA0077D43B /* Project.m */,
			);
			name = Projects;
			sourceTree = "<group>";
		};
		086A02B11ED314AE00BC675D /* APIKey */ = {
			isa = PBXGroup;
			children = (
				086A02B21ED314DD00BC675D /* APIKeys.h */,
			);
			name = APIKey;
			sourceTree = "<group>";
		};
		08C2C8551E7084F800609F97 /* AddProjectScreen */ = {
			isa = PBXGroup;
			children = (
				08C2C8561E70852500609F97 /* AddProjectScreenViewController.h */,
				08C2C8571E70852500609F97 /* AddProjectScreenViewController.m */,
				08C2C8581E70852500609F97 /* AddProjectScreenViewController.xib */,
				BB19FB211ECF3F2500B5085B /* AddProjectScreenViewController~ipad.xib */,
			);
			name = AddProjectScreen;
			sourceTree = "<group>";
		};
		08C2C85B1E70852A00609F97 /* UserHomeScreen */ = {
			isa = PBXGroup;
			children = (
				08178A731ECDCEAB00BE9810 /* CollectionViewCell */,
				08C2C85C1E70875F00609F97 /* UserHomeScreenViewController.h */,
				08C2C85D1E70875F00609F97 /* UserHomeScreenViewController.m */,
				08C2C85E1E70875F00609F97 /* UserHomeScreenViewController.xib */,
				BB19FB2F1ECFC30E00B5085B /* UserHomeScreenViewController~ipad.xib */,
			);
			name = UserHomeScreen;
			sourceTree = "<group>";
		};
		08C2C8611E70876A00609F97 /* AddTaskScreen */ = {
			isa = PBXGroup;
			children = (
				08C2C8621E70879000609F97 /* AddTaskScreenViewController.h */,
				08C2C8631E70879000609F97 /* AddTaskScreenViewController.m */,
				08C2C8641E70879000609F97 /* AddTaskScreenViewController.xib */,
				BB19FB291ECFA69E00B5085B /* AddTaskScreenViewController~ipad.xib */,
			);
			name = AddTaskScreen;
			sourceTree = "<group>";
		};
		08C2C8671E70879A00609F97 /* ScrumBoardScreen */ = {
			isa = PBXGroup;
			children = (
				08C2C8681E7087B500609F97 /* ScrumBoardScreenViewController.h */,
				08C2C8691E7087B500609F97 /* ScrumBoardScreenViewController.m */,
				08C2C86A1E7087B500609F97 /* ScrumBoardScreenViewController.xib */,
				08BF7ECB1ED06F470066E3B7 /* PageContentViewController.h */,
				08BF7ECC1ED06F470066E3B7 /* PageContentViewController.m */,
				08BF7ED11ED06FE20066E3B7 /* PageViewController.h */,
				08BF7ED21ED06FE20066E3B7 /* PageViewController.m */,
			);
			name = ScrumBoardScreen;
			sourceTree = "<group>";
		};
		08C2C86D1E7087B900609F97 /* ProjectSettingsScreen */ = {
			isa = PBXGroup;
			children = (
				08C2C86E1E7087E200609F97 /* ProjectSettingsScreenViewController.h */,
				08C2C86F1E7087E200609F97 /* ProjectSettingsScreenViewController.m */,
				08C2C8701E7087E200609F97 /* ProjectSettingsScreenViewController.xib */,
				BB19FB2D1ECFBC5700B5085B /* ProjectSettingsScreenViewController~ipad.xib */,
			);
			name = ProjectSettingsScreen;
			sourceTree = "<group>";
		};
		08C2C8731E7087E800609F97 /* AccountSettingsScreen */ = {
			isa = PBXGroup;
			children = (
				08C2C8741E70880900609F97 /* AccountSettingsScreenViewController.h */,
				08C2C8751E70880900609F97 /* AccountSettingsScreenViewController.m */,
				08C2C8761E70880900609F97 /* AccountSettingsScreenViewController.xib */,
				BB19FB2B1ECFB13700B5085B /* AccountSettingsScreenViewController~ipad.xib */,
			);
			name = AccountSettingsScreen;
			sourceTree = "<group>";
		};
		08E23A9C1E708337007534E0 = {
			isa = PBXGroup;
			children = (
				08E23AA71E708338007534E0 /* ScrumYou */,
				08E23AA61E708338007534E0 /* Products */,
			);
			sourceTree = "<group>";
		};
		08E23AA61E708338007534E0 /* Products */ = {
			isa = PBXGroup;
			children = (
				08E23AA51E708338007534E0 /* Scrummary.app */,
			);
			name = Products;
			sourceTree = "<group>";
		};
		08E23AA71E708338007534E0 /* ScrumYou */ = {
			isa = PBXGroup;
			children = (
				08E23AAB1E708338007534E0 /* AppDelegate.h */,
				08E23AAC1E708338007534E0 /* AppDelegate.m */,
				0861BAA71EF0433D0077D43B /* WebServicesMethods */,
				086A02B11ED314AE00BC675D /* APIKey */,
				08E23ABF1E708359007534E0 /* HomeScreen */,
				08E23AC51E7083F1007534E0 /* LoginScreen */,
				08E23AD01E70846C007534E0 /* SignUpScreen */,
				08C2C85B1E70852A00609F97 /* UserHomeScreen */,
				08C2C8551E7084F800609F97 /* AddProjectScreen */,
				08C2C8611E70876A00609F97 /* AddTaskScreen */,
				08C2C8671E70879A00609F97 /* ScrumBoardScreen */,
				08C2C86D1E7087B900609F97 /* ProjectSettingsScreen */,
				08C2C8731E7087E800609F97 /* AccountSettingsScreen */,
				08178A791ECDD82F00BE9810 /* Data */,
				08E23AB61E708338007534E0 /* LaunchScreen.storyboard */,
				08E23AB91E708338007534E0 /* Info.plist */,
				08E23AA81E708338007534E0 /* Supporting Files */,
				08E7A5351EC7699400A87DA0 /* Assets.xcassets */,
			);
			path = ScrumYou;
			sourceTree = "<group>";
		};
		08E23AA81E708338007534E0 /* Supporting Files */ = {
			isa = PBXGroup;
			children = (
				08E23AA91E708338007534E0 /* main.m */,
			);
			name = "Supporting Files";
			sourceTree = "<group>";
		};
		08E23ABF1E708359007534E0 /* HomeScreen */ = {
			isa = PBXGroup;
			children = (
				08E23AC61E708435007534E0 /* HomeScreenViewController.h */,
				08E23AC71E708435007534E0 /* HomeScreenViewController.m */,
				08E23AC81E708435007534E0 /* HomeScreenViewController.xib */,
				BB19FB251ECF479E00B5085B /* HomeScreenViewController~ipad.xib */,
			);
			name = HomeScreen;
			sourceTree = "<group>";
		};
		08E23AC51E7083F1007534E0 /* LoginScreen */ = {
			isa = PBXGroup;
			children = (
				08E23ACB1E708454007534E0 /* LoginScreenViewController.h */,
				08E23ACC1E708454007534E0 /* LoginScreenViewController.m */,
				08E23ACD1E708454007534E0 /* LoginScreenViewController.xib */,
				BB19FB231ECF452B00B5085B /* LoginScreenViewController~ipad.xib */,
			);
			name = LoginScreen;
			sourceTree = "<group>";
		};
		08E23AD01E70846C007534E0 /* SignUpScreen */ = {
			isa = PBXGroup;
			children = (
				08E23AD11E708483007534E0 /* SignUpScreenViewController.h */,
				08E23AD21E708483007534E0 /* SignUpScreenViewController.m */,
				08E23AD31E708483007534E0 /* SignUpScreenViewController.xib */,
				BB19FB271ECFA33200B5085B /* SignUpScreenViewController~ipad.xib */,
			);
			name = SignUpScreen;
			sourceTree = "<group>";
		};
		08FB03CB1ED9AC4200D30A19 /* Users */ = {
			isa = PBXGroup;
			children = (
				08FB03CC1ED9AC6F00D30A19 /* User.h */,
				08FB03CD1ED9AC6F00D30A19 /* User.m */,
			);
			name = Users;
			sourceTree = "<group>";
		};
		BB09D45A1F0E8C38009D4CC2 /* Tasks */ = {
			isa = PBXGroup;
			children = (
				BB09D45B1F0E8C6A009D4CC2 /* Task.h */,
				BB09D45C1F0E8C6A009D4CC2 /* Task.m */,
			);
			name = Tasks;
			sourceTree = "<group>";
		};
		BB09D45E1F0F8EA9009D4CC2 /* Sprints */ = {
			isa = PBXGroup;
			children = (
				BB09D45F1F0F8ED1009D4CC2 /* Sprint.h */,
				BB09D4601F0F8ED1009D4CC2 /* Sprint.m */,
			);
			name = Sprints;
			sourceTree = "<group>";
		};
		BB09D4621F0F922C009D4CC2 /* Categories */ = {
			isa = PBXGroup;
			children = (
				BB09D4631F0F9246009D4CC2 /* Category.h */,
				BB09D4641F0F9246009D4CC2 /* Category.m */,
			);
			name = Categories;
			sourceTree = "<group>";
		};
		BB09D4661F0F933F009D4CC2 /* Stats */ = {
			isa = PBXGroup;
			children = (
				BB09D4671F0F934E009D4CC2 /* Stat.h */,
				BB09D4681F0F934E009D4CC2 /* Stat.m */,
			);
			name = Stats;
			sourceTree = "<group>";
		};
/* End PBXGroup section */

/* Begin PBXNativeTarget section */
		08E23AA41E708337007534E0 /* Scrummary */ = {
			isa = PBXNativeTarget;
			buildConfigurationList = 08E23ABC1E708338007534E0 /* Build configuration list for PBXNativeTarget "Scrummary" */;
			buildPhases = (
				08E23AA11E708337007534E0 /* Sources */,
				08E23AA21E708337007534E0 /* Frameworks */,
				08E23AA31E708337007534E0 /* Resources */,
			);
			buildRules = (
			);
			dependencies = (
			);
			name = Scrummary;
			productName = ScrumYou;
			productReference = 08E23AA51E708338007534E0 /* Scrummary.app */;
			productType = "com.apple.product-type.application";
		};
/* End PBXNativeTarget section */

/* Begin PBXProject section */
		08E23A9D1E708337007534E0 /* Project object */ = {
			isa = PBXProject;
			attributes = {
				LastUpgradeCheck = 0820;
				ORGANIZATIONNAME = "Bérangère La Touche";
				TargetAttributes = {
					08E23AA41E708337007534E0 = {
						CreatedOnToolsVersion = 8.2.1;
						DevelopmentTeam = 9GDJ425SV6;
						ProvisioningStyle = Automatic;
					};
				};
			};
			buildConfigurationList = 08E23AA01E708337007534E0 /* Build configuration list for PBXProject "Scrummary" */;
			compatibilityVersion = "Xcode 3.2";
			developmentRegion = English;
			hasScannedForEncodings = 0;
			knownRegions = (
				en,
				Base,
			);
			mainGroup = 08E23A9C1E708337007534E0;
			productRefGroup = 08E23AA61E708338007534E0 /* Products */;
			projectDirPath = "";
			projectRoot = "";
			targets = (
				08E23AA41E708337007534E0 /* Scrummary */,
			);
		};
/* End PBXProject section */

/* Begin PBXResourcesBuildPhase section */
		08E23AA31E708337007534E0 /* Resources */ = {
			isa = PBXResourcesBuildPhase;
			buildActionMask = 2147483647;
			files = (
				BB19FB2C1ECFB13700B5085B /* AccountSettingsScreenViewController~ipad.xib in Resources */,
				BB19FB261ECF479E00B5085B /* HomeScreenViewController~ipad.xib in Resources */,
				BB19FB321ECFC7A900B5085B /* CellView~ipad.xib in Resources */,
				08C2C8601E70875F00609F97 /* UserHomeScreenViewController.xib in Resources */,
				08E23AB81E708338007534E0 /* LaunchScreen.storyboard in Resources */,
				08E7A5361EC7699400A87DA0 /* Assets.xcassets in Resources */,
				BB19FB221ECF3F2500B5085B /* AddProjectScreenViewController~ipad.xib in Resources */,
				08E23ACA1E708435007534E0 /* HomeScreenViewController.xib in Resources */,
				08178A811ECDE77700BE9810 /* CellView.xib in Resources */,
				BB19FB2E1ECFBC5700B5085B /* ProjectSettingsScreenViewController~ipad.xib in Resources */,
				BB19FB301ECFC30E00B5085B /* UserHomeScreenViewController~ipad.xib in Resources */,
				08C2C86C1E7087B500609F97 /* ScrumBoardScreenViewController.xib in Resources */,
				BB19FB241ECF452B00B5085B /* LoginScreenViewController~ipad.xib in Resources */,
				08C2C8781E70880900609F97 /* AccountSettingsScreenViewController.xib in Resources */,
				08C2C8721E7087E200609F97 /* ProjectSettingsScreenViewController.xib in Resources */,
				08C2C85A1E70852500609F97 /* AddProjectScreenViewController.xib in Resources */,
				08C2C8661E70879000609F97 /* AddTaskScreenViewController.xib in Resources */,
				BB19FB281ECFA33200B5085B /* SignUpScreenViewController~ipad.xib in Resources */,
				BB19FB2A1ECFA69E00B5085B /* AddTaskScreenViewController~ipad.xib in Resources */,
				08E23AD51E708483007534E0 /* SignUpScreenViewController.xib in Resources */,
				08E23ACF1E708454007534E0 /* LoginScreenViewController.xib in Resources */,
			);
			runOnlyForDeploymentPostprocessing = 0;
		};
/* End PBXResourcesBuildPhase section */

/* Begin PBXSourcesBuildPhase section */
		08E23AA11E708337007534E0 /* Sources */ = {
			isa = PBXSourcesBuildPhase;
			buildActionMask = 2147483647;
			files = (
				BB4D1E371F0E4636000E9FEE /* CrudUsers.m in Sources */,
				08FB03CE1ED9AC6F00D30A19 /* User.m in Sources */,
				08C2C8771E70880900609F97 /* AccountSettingsScreenViewController.m in Sources */,
				0832F6B91F0E45EC00AC284E /* CrudProjects.m in Sources */,
				08E23AC91E708435007534E0 /* HomeScreenViewController.m in Sources */,
				BB09D4691F0F934E009D4CC2 /* Stat.m in Sources */,
				08E23AAD1E708338007534E0 /* AppDelegate.m in Sources */,
				08C2C86B1E7087B500609F97 /* ScrumBoardScreenViewController.m in Sources */,
				BB09D4611F0F8ED1009D4CC2 /* Sprint.m in Sources */,
				BB09D4651F0F9246009D4CC2 /* Category.m in Sources */,
				BB09D45D1F0E8C6A009D4CC2 /* Task.m in Sources */,
				08C2C8591E70852500609F97 /* AddProjectScreenViewController.m in Sources */,
				0861BAB11EF1E1460077D43B /* AddTask.m in Sources */,
				08178A801ECDE77700BE9810 /* CellView.m in Sources */,
				08C2C8651E70879000609F97 /* AddTaskScreenViewController.m in Sources */,
				08BF7ED31ED06FE20066E3B7 /* PageViewController.m in Sources */,
				08E23ACE1E708454007534E0 /* LoginScreenViewController.m in Sources */,
				0832F6C01F11088500AC284E /* CrudAuth.m in Sources */,
				08BF7ECD1ED06F470066E3B7 /* PageContentViewController.m in Sources */,
				0861BAC71EF2B0E00077D43B /* GetUserById.m in Sources */,
				08E23AAA1E708338007534E0 /* main.m in Sources */,
				0861BABD1EF1EFFA0077D43B /* Project.m in Sources */,
				08C2C8711E7087E200609F97 /* ProjectSettingsScreenViewController.m in Sources */,
				08C2C85F1E70875F00609F97 /* UserHomeScreenViewController.m in Sources */,
				08E23AD41E708483007534E0 /* SignUpScreenViewController.m in Sources */,
			);
			runOnlyForDeploymentPostprocessing = 0;
		};
/* End PBXSourcesBuildPhase section */

/* Begin PBXVariantGroup section */
		08E23AB61E708338007534E0 /* LaunchScreen.storyboard */ = {
			isa = PBXVariantGroup;
			children = (
				08E23AB71E708338007534E0 /* Base */,
			);
			name = LaunchScreen.storyboard;
			sourceTree = "<group>";
		};
/* End PBXVariantGroup section */

/* Begin XCBuildConfiguration section */
		08E23ABA1E708338007534E0 /* Debug */ = {
			isa = XCBuildConfiguration;
			buildSettings = {
				ALWAYS_SEARCH_USER_PATHS = NO;
				CLANG_ANALYZER_NONNULL = YES;
				CLANG_CXX_LANGUAGE_STANDARD = "gnu++0x";
				CLANG_CXX_LIBRARY = "libc++";
				CLANG_ENABLE_MODULES = YES;
				CLANG_ENABLE_OBJC_ARC = YES;
				CLANG_WARN_BOOL_CONVERSION = YES;
				CLANG_WARN_CONSTANT_CONVERSION = YES;
				CLANG_WARN_DIRECT_OBJC_ISA_USAGE = YES_ERROR;
				CLANG_WARN_DOCUMENTATION_COMMENTS = YES;
				CLANG_WARN_EMPTY_BODY = YES;
				CLANG_WARN_ENUM_CONVERSION = YES;
				CLANG_WARN_INFINITE_RECURSION = YES;
				CLANG_WARN_INT_CONVERSION = YES;
				CLANG_WARN_OBJC_ROOT_CLASS = YES_ERROR;
				CLANG_WARN_SUSPICIOUS_MOVE = YES;
				CLANG_WARN_UNREACHABLE_CODE = YES;
				CLANG_WARN__DUPLICATE_METHOD_MATCH = YES;
				"CODE_SIGN_IDENTITY[sdk=iphoneos*]" = "iPhone Developer";
				COPY_PHASE_STRIP = NO;
				DEBUG_INFORMATION_FORMAT = dwarf;
				ENABLE_STRICT_OBJC_MSGSEND = YES;
				ENABLE_TESTABILITY = YES;
				GCC_C_LANGUAGE_STANDARD = gnu99;
				GCC_DYNAMIC_NO_PIC = NO;
				GCC_NO_COMMON_BLOCKS = YES;
				GCC_OPTIMIZATION_LEVEL = 0;
				GCC_PREPROCESSOR_DEFINITIONS = (
					"DEBUG=1",
					"$(inherited)",
				);
				GCC_WARN_64_TO_32_BIT_CONVERSION = YES;
				GCC_WARN_ABOUT_RETURN_TYPE = YES_ERROR;
				GCC_WARN_UNDECLARED_SELECTOR = YES;
				GCC_WARN_UNINITIALIZED_AUTOS = YES_AGGRESSIVE;
				GCC_WARN_UNUSED_FUNCTION = YES;
				GCC_WARN_UNUSED_VARIABLE = YES;
				IPHONEOS_DEPLOYMENT_TARGET = 10.2;
				MTL_ENABLE_DEBUG_INFO = YES;
				ONLY_ACTIVE_ARCH = YES;
				SDKROOT = iphoneos;
				TARGETED_DEVICE_FAMILY = "1,2";
			};
			name = Debug;
		};
		08E23ABB1E708338007534E0 /* Release */ = {
			isa = XCBuildConfiguration;
			buildSettings = {
				ALWAYS_SEARCH_USER_PATHS = NO;
				CLANG_ANALYZER_NONNULL = YES;
				CLANG_CXX_LANGUAGE_STANDARD = "gnu++0x";
				CLANG_CXX_LIBRARY = "libc++";
				CLANG_ENABLE_MODULES = YES;
				CLANG_ENABLE_OBJC_ARC = YES;
				CLANG_WARN_BOOL_CONVERSION = YES;
				CLANG_WARN_CONSTANT_CONVERSION = YES;
				CLANG_WARN_DIRECT_OBJC_ISA_USAGE = YES_ERROR;
				CLANG_WARN_DOCUMENTATION_COMMENTS = YES;
				CLANG_WARN_EMPTY_BODY = YES;
				CLANG_WARN_ENUM_CONVERSION = YES;
				CLANG_WARN_INFINITE_RECURSION = YES;
				CLANG_WARN_INT_CONVERSION = YES;
				CLANG_WARN_OBJC_ROOT_CLASS = YES_ERROR;
				CLANG_WARN_SUSPICIOUS_MOVE = YES;
				CLANG_WARN_UNREACHABLE_CODE = YES;
				CLANG_WARN__DUPLICATE_METHOD_MATCH = YES;
				"CODE_SIGN_IDENTITY[sdk=iphoneos*]" = "iPhone Developer";
				COPY_PHASE_STRIP = NO;
				DEBUG_INFORMATION_FORMAT = "dwarf-with-dsym";
				ENABLE_NS_ASSERTIONS = NO;
				ENABLE_STRICT_OBJC_MSGSEND = YES;
				GCC_C_LANGUAGE_STANDARD = gnu99;
				GCC_NO_COMMON_BLOCKS = YES;
				GCC_WARN_64_TO_32_BIT_CONVERSION = YES;
				GCC_WARN_ABOUT_RETURN_TYPE = YES_ERROR;
				GCC_WARN_UNDECLARED_SELECTOR = YES;
				GCC_WARN_UNINITIALIZED_AUTOS = YES_AGGRESSIVE;
				GCC_WARN_UNUSED_FUNCTION = YES;
				GCC_WARN_UNUSED_VARIABLE = YES;
				IPHONEOS_DEPLOYMENT_TARGET = 10.2;
				MTL_ENABLE_DEBUG_INFO = NO;
				SDKROOT = iphoneos;
				TARGETED_DEVICE_FAMILY = "1,2";
				VALIDATE_PRODUCT = YES;
			};
			name = Release;
		};
		08E23ABD1E708338007534E0 /* Debug */ = {
			isa = XCBuildConfiguration;
			buildSettings = {
				ASSETCATALOG_COMPILER_APPICON_NAME = AppIcon;
				ASSETCATALOG_COMPILER_LAUNCHIMAGE_NAME = LaunchImage;
				DEVELOPMENT_TEAM = 9GDJ425SV6;
				INFOPLIST_FILE = ScrumYou/Info.plist;
				LD_RUNPATH_SEARCH_PATHS = "$(inherited) @executable_path/Frameworks";
				PRODUCT_BUNDLE_IDENTIFIER = esgi.Scrummary;
				PRODUCT_NAME = "$(TARGET_NAME)";
			};
			name = Debug;
		};
		08E23ABE1E708338007534E0 /* Release */ = {
			isa = XCBuildConfiguration;
			buildSettings = {
				ASSETCATALOG_COMPILER_APPICON_NAME = AppIcon;
				ASSETCATALOG_COMPILER_LAUNCHIMAGE_NAME = LaunchImage;
				DEVELOPMENT_TEAM = 9GDJ425SV6;
				INFOPLIST_FILE = ScrumYou/Info.plist;
				LD_RUNPATH_SEARCH_PATHS = "$(inherited) @executable_path/Frameworks";
				PRODUCT_BUNDLE_IDENTIFIER = esgi.Scrummary;
				PRODUCT_NAME = "$(TARGET_NAME)";
			};
			name = Release;
		};
/* End XCBuildConfiguration section */

/* Begin XCConfigurationList section */
		08E23AA01E708337007534E0 /* Build configuration list for PBXProject "Scrummary" */ = {
			isa = XCConfigurationList;
			buildConfigurations = (
				08E23ABA1E708338007534E0 /* Debug */,
				08E23ABB1E708338007534E0 /* Release */,
			);
			defaultConfigurationIsVisible = 0;
			defaultConfigurationName = Release;
		};
		08E23ABC1E708338007534E0 /* Build configuration list for PBXNativeTarget "Scrummary" */ = {
			isa = XCConfigurationList;
			buildConfigurations = (
				08E23ABD1E708338007534E0 /* Debug */,
				08E23ABE1E708338007534E0 /* Release */,
			);
			defaultConfigurationIsVisible = 0;
			defaultConfigurationName = Release;
		};
/* End XCConfigurationList section */
	};
	rootObject = 08E23A9D1E708337007534E0 /* Project object */;
}
